
Microsoft Visual Studio Solution File, Format Version 12.00
Project("{FAE04EC0-301F-11D3-BF4B-00C04F79EFBC}") = "PlaySongNumberRequest", "PlaySongNumberRequest\PlaySongNumberRequest.csproj", "{5DDF492A-6FB8-424D-8C85-71DCCD051022}"
EndProject
Project("{FAE04EC0-301F-11D3-BF4B-00C04F79EFBC}") = "PlaySongTitleRequest", "PlaySongTitleRequest\PlaySongTitleRequest.csproj", "{CFE14DAF-921C-4ADB-B275-FF0760FF3C32}"
EndProject
Project("{FAE04EC0-301F-11D3-BF4B-00C04F79EFBC}") = "SkillProxyRequest", "SkillProxyRequest\SkillProxyRequest.csproj", "{02C9AA75-683A-4596-8D33-6A5C344B0A81}"
EndProject
Project("{FAE04EC0-301F-11D3-BF4B-00C04F79EFBC}") = "SonglistIndex", "SonglistIndex\SonglistIndex.csproj", "{681EEE05-1C1F-4714-AF83-1E7B8E9ABA42}"
EndProject
Project("{FAE04EC0-301F-11D3-BF4B-00C04F79EFBC}") = "SpeakerRequest", "SpeakerRequest\SpeakerRequest.csproj", "{79F82D32-083D-4C9B-A111-7A2ED475A558}"
EndProject
Project("{FAE04EC0-301F-11D3-BF4B-00C04F79EFBC}") = "SonglistUpload", "SonglistUpload\SonglistUpload.csproj", "{34A2FA9C-19D6-486A-B38D-4CC73684D0BF}"
EndProject
Project("{FAE04EC0-301F-11D3-BF4B-00C04F79EFBC}") = "Library", "Library\Library.csproj", "{16DCFA0B-E7E7-44BC-B218-1146B3E12590}"
EndProject
Project("{FAE04EC0-301F-11D3-BF4B-00C04F79EFBC}") = "PlaySongTitleArtistRequest", "PlaySongTitleArtistRequest\PlaySongTitleArtistRequest.csproj", "{E4681465-938F-4D9B-A2FE-CA2623702CE3}"
EndProject
Global
	GlobalSection(SolutionConfigurationPlatforms) = preSolution
		Debug|Any CPU = Debug|Any CPU
		Release|Any CPU = Release|Any CPU
	EndGlobalSection
	GlobalSection(ProjectConfigurationPlatforms) = postSolution
		{2A207E75-1315-4601-AB19-D6BF2EE5C5C4}.Debug|Any CPU.ActiveCfg = Debug|Any CPU
		{2A207E75-1315-4601-AB19-D6BF2EE5C5C4}.Debug|Any CPU.Build.0 = Debug|Any CPU
		{2A207E75-1315-4601-AB19-D6BF2EE5C5C4}.Release|Any CPU.ActiveCfg = Release|Any CPU
		{2A207E75-1315-4601-AB19-D6BF2EE5C5C4}.Release|Any CPU.Build.0 = Release|Any CPU
		{5DDF492A-6FB8-424D-8C85-71DCCD051022}.Debug|Any CPU.ActiveCfg = Debug|Any CPU
		{5DDF492A-6FB8-424D-8C85-71DCCD051022}.Debug|Any CPU.Build.0 = Debug|Any CPU
		{5DDF492A-6FB8-424D-8C85-71DCCD051022}.Release|Any CPU.ActiveCfg = Release|Any CPU
		{5DDF492A-6FB8-424D-8C85-71DCCD051022}.Release|Any CPU.Build.0 = Release|Any CPU
		{CFE14DAF-921C-4ADB-B275-FF0760FF3C32}.Debug|Any CPU.ActiveCfg = Debug|Any CPU
		{CFE14DAF-921C-4ADB-B275-FF0760FF3C32}.Debug|Any CPU.Build.0 = Debug|Any CPU
		{CFE14DAF-921C-4ADB-B275-FF0760FF3C32}.Release|Any CPU.ActiveCfg = Release|Any CPU
		{CFE14DAF-921C-4ADB-B275-FF0760FF3C32}.Release|Any CPU.Build.0 = Release|Any CPU
		{02C9AA75-683A-4596-8D33-6A5C344B0A81}.Debug|Any CPU.ActiveCfg = Debug|Any CPU
		{02C9AA75-683A-4596-8D33-6A5C344B0A81}.Debug|Any CPU.Build.0 = Debug|Any CPU
		{02C9AA75-683A-4596-8D33-6A5C344B0A81}.Release|Any CPU.ActiveCfg = Release|Any CPU
		{02C9AA75-683A-4596-8D33-6A5C344B0A81}.Release|Any CPU.Build.0 = Release|Any CPU
		{681EEE05-1C1F-4714-AF83-1E7B8E9ABA42}.Debug|Any CPU.ActiveCfg = Debug|Any CPU
		{681EEE05-1C1F-4714-AF83-1E7B8E9ABA42}.Debug|Any CPU.Build.0 = Debug|Any CPU
		{681EEE05-1C1F-4714-AF83-1E7B8E9ABA42}.Release|Any CPU.ActiveCfg = Release|Any CPU
		{681EEE05-1C1F-4714-AF83-1E7B8E9ABA42}.Release|Any CPU.Build.0 = Release|Any CPU
		{79F82D32-083D-4C9B-A111-7A2ED475A558}.Debug|Any CPU.ActiveCfg = Debug|Any CPU
		{79F82D32-083D-4C9B-A111-7A2ED475A558}.Debug|Any CPU.Build.0 = Debug|Any CPU
		{79F82D32-083D-4C9B-A111-7A2ED475A558}.Release|Any CPU.ActiveCfg = Release|Any CPU
		{79F82D32-083D-4C9B-A111-7A2ED475A558}.Release|Any CPU.Build.0 = Release|Any CPU
		{34A2FA9C-19D6-486A-B38D-4CC73684D0BF}.Debug|Any CPU.ActiveCfg = Debug|Any CPU
		{34A2FA9C-19D6-486A-B38D-4CC73684D0BF}.Debug|Any CPU.Build.0 = Debug|Any CPU
		{34A2FA9C-19D6-486A-B38D-4CC73684D0BF}.Release|Any CPU.ActiveCfg = Release|Any CPU
		{34A2FA9C-19D6-486A-B38D-4CC73684D0BF}.Release|Any CPU.Build.0 = Release|Any CPU
		{16DCFA0B-E7E7-44BC-B218-1146B3E12590}.Debug|Any CPU.ActiveCfg = Debug|Any CPU
		{16DCFA0B-E7E7-44BC-B218-1146B3E12590}.Debug|Any CPU.Build.0 = Debug|Any CPU
		{16DCFA0B-E7E7-44BC-B218-1146B3E12590}.Release|Any CPU.ActiveCfg = Release|Any CPU
		{16DCFA0B-E7E7-44BC-B218-1146B3E12590}.Release|Any CPU.Build.0 = Release|Any CPU
		{E4681465-938F-4D9B-A2FE-CA2623702CE3}.Debug|Any CPU.ActiveCfg = Debug|Any CPU
		{E4681465-938F-4D9B-A2FE-CA2623702CE3}.Debug|Any CPU.Build.0 = Debug|Any CPU
		{E4681465-938F-4D9B-A2FE-CA2623702CE3}.Release|Any CPU.ActiveCfg = Release|Any CPU
		{E4681465-938F-4D9B-A2FE-CA2623702CE3}.Release|Any CPU.Build.0 = Release|Any CPU
	EndGlobalSection
EndGlobal
