
Microsoft Visual Studio Solution File, Format Version 12.00
Project("{FAE04EC0-301F-11D3-BF4B-00C04F79EFBC}") = "PlaySongNumberRequest", "AlexaSkill\PlaySongNumberRequest\PlaySongNumberRequest.csproj", "{5840D588-B60E-41B2-948A-18C4A0ABAA9E}"
EndProject
Project("{FAE04EC0-301F-11D3-BF4B-00C04F79EFBC}") = "Library", "Library\Library.csproj", "{41544175-BB06-4838-A126-C52FD0902D1D}"
EndProject
Project("{FAE04EC0-301F-11D3-BF4B-00C04F79EFBC}") = "PlaySongTitleArtistRequest", "AlexaSkill\PlaySongTitleArtistRequest\PlaySongTitleArtistRequest.csproj", "{8A443D9C-5668-477A-96B8-7059EB29BF9F}"
EndProject
Project("{FAE04EC0-301F-11D3-BF4B-00C04F79EFBC}") = "PlaySongTitleRequest", "AlexaSkill\PlaySongTitleRequest\PlaySongTitleRequest.csproj", "{42CC4223-81C4-449C-A5A2-0BDC57F8852C}"
EndProject
Project("{FAE04EC0-301F-11D3-BF4B-00C04F79EFBC}") = "SpeakerRequest", "AlexaSkill\SpeakerRequest\SpeakerRequest.csproj", "{C6AEB27A-ECBF-466D-89F7-D10CC5E591AA}"
EndProject
Project("{FAE04EC0-301F-11D3-BF4B-00C04F79EFBC}") = "SonglistIndex", "Songlist\SonglistIndex\SonglistIndex.csproj", "{FD252FC0-B702-4453-9351-DA8B3A7B81FE}"
EndProject
Project("{FAE04EC0-301F-11D3-BF4B-00C04F79EFBC}") = "SonglistUpload", "Songlist\SonglistUpload\SonglistUpload.csproj", "{92706C3A-1051-449D-B45A-AF66EEF0AB4D}"
EndProject
Project("{FAE04EC0-301F-11D3-BF4B-00C04F79EFBC}") = "SkillProxyRequest", "AlexaSkillProxy\SkillProxyRequest\SkillProxyRequest.csproj", "{FA2C611E-8FD5-4FF5-837E-95E19BB85417}"
EndProject
Global
	GlobalSection(SolutionConfigurationPlatforms) = preSolution
		Debug|Any CPU = Debug|Any CPU
		Release|Any CPU = Release|Any CPU
	EndGlobalSection
	GlobalSection(ProjectConfigurationPlatforms) = postSolution
		{2A207E75-1315-4601-AB19-D6BF2EE5C5C4}.Debug|Any CPU.ActiveCfg = Debug|Any CPU
		{2A207E75-1315-4601-AB19-D6BF2EE5C5C4}.Debug|Any CPU.Build.0 = Debug|Any CPU
		{2A207E75-1315-4601-AB19-D6BF2EE5C5C4}.Release|Any CPU.ActiveCfg = Release|Any CPU
		{2A207E75-1315-4601-AB19-D6BF2EE5C5C4}.Release|Any CPU.Build.0 = Release|Any CPU
		{5840D588-B60E-41B2-948A-18C4A0ABAA9E}.Debug|Any CPU.ActiveCfg = Debug|Any CPU
		{5840D588-B60E-41B2-948A-18C4A0ABAA9E}.Debug|Any CPU.Build.0 = Debug|Any CPU
		{5840D588-B60E-41B2-948A-18C4A0ABAA9E}.Release|Any CPU.ActiveCfg = Release|Any CPU
		{5840D588-B60E-41B2-948A-18C4A0ABAA9E}.Release|Any CPU.Build.0 = Release|Any CPU
		{41544175-BB06-4838-A126-C52FD0902D1D}.Debug|Any CPU.ActiveCfg = Debug|Any CPU
		{41544175-BB06-4838-A126-C52FD0902D1D}.Debug|Any CPU.Build.0 = Debug|Any CPU
		{41544175-BB06-4838-A126-C52FD0902D1D}.Release|Any CPU.ActiveCfg = Release|Any CPU
		{41544175-BB06-4838-A126-C52FD0902D1D}.Release|Any CPU.Build.0 = Release|Any CPU
		{8A443D9C-5668-477A-96B8-7059EB29BF9F}.Debug|Any CPU.ActiveCfg = Debug|Any CPU
		{8A443D9C-5668-477A-96B8-7059EB29BF9F}.Debug|Any CPU.Build.0 = Debug|Any CPU
		{8A443D9C-5668-477A-96B8-7059EB29BF9F}.Release|Any CPU.ActiveCfg = Release|Any CPU
		{8A443D9C-5668-477A-96B8-7059EB29BF9F}.Release|Any CPU.Build.0 = Release|Any CPU
		{42CC4223-81C4-449C-A5A2-0BDC57F8852C}.Debug|Any CPU.ActiveCfg = Debug|Any CPU
		{42CC4223-81C4-449C-A5A2-0BDC57F8852C}.Debug|Any CPU.Build.0 = Debug|Any CPU
		{42CC4223-81C4-449C-A5A2-0BDC57F8852C}.Release|Any CPU.ActiveCfg = Release|Any CPU
		{42CC4223-81C4-449C-A5A2-0BDC57F8852C}.Release|Any CPU.Build.0 = Release|Any CPU
		{C6AEB27A-ECBF-466D-89F7-D10CC5E591AA}.Debug|Any CPU.ActiveCfg = Debug|Any CPU
		{C6AEB27A-ECBF-466D-89F7-D10CC5E591AA}.Debug|Any CPU.Build.0 = Debug|Any CPU
		{C6AEB27A-ECBF-466D-89F7-D10CC5E591AA}.Release|Any CPU.ActiveCfg = Release|Any CPU
		{C6AEB27A-ECBF-466D-89F7-D10CC5E591AA}.Release|Any CPU.Build.0 = Release|Any CPU
		{FD252FC0-B702-4453-9351-DA8B3A7B81FE}.Debug|Any CPU.ActiveCfg = Debug|Any CPU
		{FD252FC0-B702-4453-9351-DA8B3A7B81FE}.Debug|Any CPU.Build.0 = Debug|Any CPU
		{FD252FC0-B702-4453-9351-DA8B3A7B81FE}.Release|Any CPU.ActiveCfg = Release|Any CPU
		{FD252FC0-B702-4453-9351-DA8B3A7B81FE}.Release|Any CPU.Build.0 = Release|Any CPU
		{92706C3A-1051-449D-B45A-AF66EEF0AB4D}.Debug|Any CPU.ActiveCfg = Debug|Any CPU
		{92706C3A-1051-449D-B45A-AF66EEF0AB4D}.Debug|Any CPU.Build.0 = Debug|Any CPU
		{92706C3A-1051-449D-B45A-AF66EEF0AB4D}.Release|Any CPU.ActiveCfg = Release|Any CPU
		{92706C3A-1051-449D-B45A-AF66EEF0AB4D}.Release|Any CPU.Build.0 = Release|Any CPU
		{FA2C611E-8FD5-4FF5-837E-95E19BB85417}.Debug|Any CPU.ActiveCfg = Debug|Any CPU
		{FA2C611E-8FD5-4FF5-837E-95E19BB85417}.Debug|Any CPU.Build.0 = Debug|Any CPU
		{FA2C611E-8FD5-4FF5-837E-95E19BB85417}.Release|Any CPU.ActiveCfg = Release|Any CPU
		{FA2C611E-8FD5-4FF5-837E-95E19BB85417}.Release|Any CPU.Build.0 = Release|Any CPU
	EndGlobalSection
EndGlobal
